
Microsoft Visual Studio Solution File, Format Version 12.00
# Visual Studio Version 17
VisualStudioVersion = 17.5.33502.453
MinimumVisualStudioVersion = 15.0.26124.0
Project("{2150E333-8FDC-42A3-9474-1A3956D46DE8}") = "src", "src", "{10B83B43-B851-4B70-B2C3-1CF4E507235E}"
EndProject
Project("{9A19103F-16F7-4668-BE54-9A1E7A4F7556}") = "Insurance.Api", "src\Insurance.Api\Insurance.Api.csproj", "{0633C3FD-55EE-438F-9897-37915CF88F76}"
EndProject
Project("{2150E333-8FDC-42A3-9474-1A3956D46DE8}") = "tests", "tests", "{688513B6-F847-4834-8770-21037905B973}"
EndProject
Project("{2150E333-8FDC-42A3-9474-1A3956D46DE8}") = "Domain", "Domain", "{1B821016-F5D5-46D0-BECC-C48B9A9233C6}"
EndProject
Project("{2150E333-8FDC-42A3-9474-1A3956D46DE8}") = "Application", "Application", "{59E0EDDD-6769-484C-83A1-AB85DCE62A1B}"
EndProject
Project("{2150E333-8FDC-42A3-9474-1A3956D46DE8}") = "Infrastructure", "Infrastructure", "{C7BDCA15-0A65-44BB-AB21-2485A514FBE9}"
EndProject
Project("{2150E333-8FDC-42A3-9474-1A3956D46DE8}") = "Presentation", "Presentation", "{C0924433-BB46-4EF1-80AC-BAEE88AC5A33}"
EndProject
Project("{9A19103F-16F7-4668-BE54-9A1E7A4F7556}") = "CoolBlue.Products.Application", "src\CoolBlue.Products.Application\CoolBlue.Products.Application.csproj", "{C23931D2-C173-4C4A-AB83-26EB15091051}"
EndProject
Project("{9A19103F-16F7-4668-BE54-9A1E7A4F7556}") = "CoolBlue.Products.Domain", "src\CoolBlue.Products.Domain\CoolBlue.Products.Domain.csproj", "{5CF0A478-9326-4758-9712-D592E76BE3E2}"
EndProject
Project("{9A19103F-16F7-4668-BE54-9A1E7A4F7556}") = "CoolBlue.Products.Infrastructure", "src\CoolBlue.Products.Infrastructure\CoolBlue.Products.Infrastructure.csproj", "{047F5306-BC0E-4B4C-A1DE-BFAA916C09BB}"
EndProject
Project("{9A19103F-16F7-4668-BE54-9A1E7A4F7556}") = "Coolblue.Products.Tests", "src\Coolblue.Products.Tests.Unit\Coolblue.Products.Tests.csproj", "{13B4F9CE-77A3-4107-B58B-C37736B5417B}"
EndProject
Project("{9A19103F-16F7-4668-BE54-9A1E7A4F7556}") = "Coolblue.Products.Tests.Common", "src\Coolblue.Products.Tests.Common\Coolblue.Products.Tests.Common.csproj", "{87E4820C-FCCA-4691-B091-6B9072A2123A}"
EndProject
Global
	GlobalSection(SolutionConfigurationPlatforms) = preSolution
		Debug|Any CPU = Debug|Any CPU
		Debug|x64 = Debug|x64
		Debug|x86 = Debug|x86
		Release|Any CPU = Release|Any CPU
		Release|x64 = Release|x64
		Release|x86 = Release|x86
	EndGlobalSection
	GlobalSection(ProjectConfigurationPlatforms) = postSolution
		{0633C3FD-55EE-438F-9897-37915CF88F76}.Debug|Any CPU.ActiveCfg = Debug|Any CPU
		{0633C3FD-55EE-438F-9897-37915CF88F76}.Debug|Any CPU.Build.0 = Debug|Any CPU
		{0633C3FD-55EE-438F-9897-37915CF88F76}.Debug|x64.ActiveCfg = Debug|Any CPU
		{0633C3FD-55EE-438F-9897-37915CF88F76}.Debug|x64.Build.0 = Debug|Any CPU
		{0633C3FD-55EE-438F-9897-37915CF88F76}.Debug|x86.ActiveCfg = Debug|Any CPU
		{0633C3FD-55EE-438F-9897-37915CF88F76}.Debug|x86.Build.0 = Debug|Any CPU
		{0633C3FD-55EE-438F-9897-37915CF88F76}.Release|Any CPU.ActiveCfg = Release|Any CPU
		{0633C3FD-55EE-438F-9897-37915CF88F76}.Release|Any CPU.Build.0 = Release|Any CPU
		{0633C3FD-55EE-438F-9897-37915CF88F76}.Release|x64.ActiveCfg = Release|Any CPU
		{0633C3FD-55EE-438F-9897-37915CF88F76}.Release|x64.Build.0 = Release|Any CPU
		{0633C3FD-55EE-438F-9897-37915CF88F76}.Release|x86.ActiveCfg = Release|Any CPU
		{0633C3FD-55EE-438F-9897-37915CF88F76}.Release|x86.Build.0 = Release|Any CPU
		{C23931D2-C173-4C4A-AB83-26EB15091051}.Debug|Any CPU.ActiveCfg = Debug|Any CPU
		{C23931D2-C173-4C4A-AB83-26EB15091051}.Debug|Any CPU.Build.0 = Debug|Any CPU
		{C23931D2-C173-4C4A-AB83-26EB15091051}.Debug|x64.ActiveCfg = Debug|Any CPU
		{C23931D2-C173-4C4A-AB83-26EB15091051}.Debug|x64.Build.0 = Debug|Any CPU
		{C23931D2-C173-4C4A-AB83-26EB15091051}.Debug|x86.ActiveCfg = Debug|Any CPU
		{C23931D2-C173-4C4A-AB83-26EB15091051}.Debug|x86.Build.0 = Debug|Any CPU
		{C23931D2-C173-4C4A-AB83-26EB15091051}.Release|Any CPU.ActiveCfg = Release|Any CPU
		{C23931D2-C173-4C4A-AB83-26EB15091051}.Release|Any CPU.Build.0 = Release|Any CPU
		{C23931D2-C173-4C4A-AB83-26EB15091051}.Release|x64.ActiveCfg = Release|Any CPU
		{C23931D2-C173-4C4A-AB83-26EB15091051}.Release|x64.Build.0 = Release|Any CPU
		{C23931D2-C173-4C4A-AB83-26EB15091051}.Release|x86.ActiveCfg = Release|Any CPU
		{C23931D2-C173-4C4A-AB83-26EB15091051}.Release|x86.Build.0 = Release|Any CPU
		{5CF0A478-9326-4758-9712-D592E76BE3E2}.Debug|Any CPU.ActiveCfg = Debug|Any CPU
		{5CF0A478-9326-4758-9712-D592E76BE3E2}.Debug|Any CPU.Build.0 = Debug|Any CPU
		{5CF0A478-9326-4758-9712-D592E76BE3E2}.Debug|x64.ActiveCfg = Debug|Any CPU
		{5CF0A478-9326-4758-9712-D592E76BE3E2}.Debug|x64.Build.0 = Debug|Any CPU
		{5CF0A478-9326-4758-9712-D592E76BE3E2}.Debug|x86.ActiveCfg = Debug|Any CPU
		{5CF0A478-9326-4758-9712-D592E76BE3E2}.Debug|x86.Build.0 = Debug|Any CPU
		{5CF0A478-9326-4758-9712-D592E76BE3E2}.Release|Any CPU.ActiveCfg = Release|Any CPU
		{5CF0A478-9326-4758-9712-D592E76BE3E2}.Release|Any CPU.Build.0 = Release|Any CPU
		{5CF0A478-9326-4758-9712-D592E76BE3E2}.Release|x64.ActiveCfg = Release|Any CPU
		{5CF0A478-9326-4758-9712-D592E76BE3E2}.Release|x64.Build.0 = Release|Any CPU
		{5CF0A478-9326-4758-9712-D592E76BE3E2}.Release|x86.ActiveCfg = Release|Any CPU
		{5CF0A478-9326-4758-9712-D592E76BE3E2}.Release|x86.Build.0 = Release|Any CPU
		{047F5306-BC0E-4B4C-A1DE-BFAA916C09BB}.Debug|Any CPU.ActiveCfg = Debug|Any CPU
		{047F5306-BC0E-4B4C-A1DE-BFAA916C09BB}.Debug|Any CPU.Build.0 = Debug|Any CPU
		{047F5306-BC0E-4B4C-A1DE-BFAA916C09BB}.Debug|x64.ActiveCfg = Debug|Any CPU
		{047F5306-BC0E-4B4C-A1DE-BFAA916C09BB}.Debug|x64.Build.0 = Debug|Any CPU
		{047F5306-BC0E-4B4C-A1DE-BFAA916C09BB}.Debug|x86.ActiveCfg = Debug|Any CPU
		{047F5306-BC0E-4B4C-A1DE-BFAA916C09BB}.Debug|x86.Build.0 = Debug|Any CPU
		{047F5306-BC0E-4B4C-A1DE-BFAA916C09BB}.Release|Any CPU.ActiveCfg = Release|Any CPU
		{047F5306-BC0E-4B4C-A1DE-BFAA916C09BB}.Release|Any CPU.Build.0 = Release|Any CPU
		{047F5306-BC0E-4B4C-A1DE-BFAA916C09BB}.Release|x64.ActiveCfg = Release|Any CPU
		{047F5306-BC0E-4B4C-A1DE-BFAA916C09BB}.Release|x64.Build.0 = Release|Any CPU
		{047F5306-BC0E-4B4C-A1DE-BFAA916C09BB}.Release|x86.ActiveCfg = Release|Any CPU
		{047F5306-BC0E-4B4C-A1DE-BFAA916C09BB}.Release|x86.Build.0 = Release|Any CPU
		{13B4F9CE-77A3-4107-B58B-C37736B5417B}.Debug|Any CPU.ActiveCfg = Debug|Any CPU
		{13B4F9CE-77A3-4107-B58B-C37736B5417B}.Debug|Any CPU.Build.0 = Debug|Any CPU
		{13B4F9CE-77A3-4107-B58B-C37736B5417B}.Debug|x64.ActiveCfg = Debug|Any CPU
		{13B4F9CE-77A3-4107-B58B-C37736B5417B}.Debug|x64.Build.0 = Debug|Any CPU
		{13B4F9CE-77A3-4107-B58B-C37736B5417B}.Debug|x86.ActiveCfg = Debug|Any CPU
		{13B4F9CE-77A3-4107-B58B-C37736B5417B}.Debug|x86.Build.0 = Debug|Any CPU
		{13B4F9CE-77A3-4107-B58B-C37736B5417B}.Release|Any CPU.ActiveCfg = Release|Any CPU
		{13B4F9CE-77A3-4107-B58B-C37736B5417B}.Release|Any CPU.Build.0 = Release|Any CPU
		{13B4F9CE-77A3-4107-B58B-C37736B5417B}.Release|x64.ActiveCfg = Release|Any CPU
		{13B4F9CE-77A3-4107-B58B-C37736B5417B}.Release|x64.Build.0 = Release|Any CPU
		{13B4F9CE-77A3-4107-B58B-C37736B5417B}.Release|x86.ActiveCfg = Release|Any CPU
		{13B4F9CE-77A3-4107-B58B-C37736B5417B}.Release|x86.Build.0 = Release|Any CPU
		{87E4820C-FCCA-4691-B091-6B9072A2123A}.Debug|Any CPU.ActiveCfg = Debug|Any CPU
		{87E4820C-FCCA-4691-B091-6B9072A2123A}.Debug|Any CPU.Build.0 = Debug|Any CPU
		{87E4820C-FCCA-4691-B091-6B9072A2123A}.Debug|x64.ActiveCfg = Debug|Any CPU
		{87E4820C-FCCA-4691-B091-6B9072A2123A}.Debug|x64.Build.0 = Debug|Any CPU
		{87E4820C-FCCA-4691-B091-6B9072A2123A}.Debug|x86.ActiveCfg = Debug|Any CPU
		{87E4820C-FCCA-4691-B091-6B9072A2123A}.Debug|x86.Build.0 = Debug|Any CPU
		{87E4820C-FCCA-4691-B091-6B9072A2123A}.Release|Any CPU.ActiveCfg = Release|Any CPU
		{87E4820C-FCCA-4691-B091-6B9072A2123A}.Release|Any CPU.Build.0 = Release|Any CPU
		{87E4820C-FCCA-4691-B091-6B9072A2123A}.Release|x64.ActiveCfg = Release|Any CPU
		{87E4820C-FCCA-4691-B091-6B9072A2123A}.Release|x64.Build.0 = Release|Any CPU
		{87E4820C-FCCA-4691-B091-6B9072A2123A}.Release|x86.ActiveCfg = Release|Any CPU
		{87E4820C-FCCA-4691-B091-6B9072A2123A}.Release|x86.Build.0 = Release|Any CPU
	EndGlobalSection
	GlobalSection(SolutionProperties) = preSolution
		HideSolutionNode = FALSE
	EndGlobalSection
	GlobalSection(NestedProjects) = preSolution
		{0633C3FD-55EE-438F-9897-37915CF88F76} = {C0924433-BB46-4EF1-80AC-BAEE88AC5A33}
		{1B821016-F5D5-46D0-BECC-C48B9A9233C6} = {10B83B43-B851-4B70-B2C3-1CF4E507235E}
		{59E0EDDD-6769-484C-83A1-AB85DCE62A1B} = {10B83B43-B851-4B70-B2C3-1CF4E507235E}
		{C7BDCA15-0A65-44BB-AB21-2485A514FBE9} = {10B83B43-B851-4B70-B2C3-1CF4E507235E}
		{C0924433-BB46-4EF1-80AC-BAEE88AC5A33} = {10B83B43-B851-4B70-B2C3-1CF4E507235E}
		{C23931D2-C173-4C4A-AB83-26EB15091051} = {59E0EDDD-6769-484C-83A1-AB85DCE62A1B}
		{5CF0A478-9326-4758-9712-D592E76BE3E2} = {1B821016-F5D5-46D0-BECC-C48B9A9233C6}
		{047F5306-BC0E-4B4C-A1DE-BFAA916C09BB} = {C7BDCA15-0A65-44BB-AB21-2485A514FBE9}
		{13B4F9CE-77A3-4107-B58B-C37736B5417B} = {688513B6-F847-4834-8770-21037905B973}
		{87E4820C-FCCA-4691-B091-6B9072A2123A} = {688513B6-F847-4834-8770-21037905B973}
	EndGlobalSection
	GlobalSection(ExtensibilityGlobals) = postSolution
		SolutionGuid = {A069272C-B3C3-4847-A684-535572C5B5FD}
	EndGlobalSection
EndGlobal
